// !$*UTF8*$!
{
	archiveVersion = 1;
	classes = {
	};
	objectVersion = 46;
	objects = {

/* Begin PBXBuildFile section */
		300E21041A9EB0E20099616A /* CreateGameTableViewDataSource.m in Sources */ = {isa = PBXBuildFile; fileRef = 300E21031A9EB0E20099616A /* CreateGameTableViewDataSource.m */; };
		300E21081AA0066C0099616A /* Crashlytics.framework in Frameworks */ = {isa = PBXBuildFile; fileRef = 300E21061AA0066C0099616A /* Crashlytics.framework */; };
		300E21091AA0066C0099616A /* Fabric.framework in Frameworks */ = {isa = PBXBuildFile; fileRef = 300E21071AA0066C0099616A /* Fabric.framework */; };
		3040D9331AA245EC0005964F /* Stack.m in Sources */ = {isa = PBXBuildFile; fileRef = 3040D9321AA245EC0005964F /* Stack.m */; };
		3040D9351AA246990005964F /* CoreData.framework in Frameworks */ = {isa = PBXBuildFile; fileRef = 3040D9341AA246990005964F /* CoreData.framework */; };
		3040D9381AA24F3C0005964F /* CourseCustomTableViewCell.m in Sources */ = {isa = PBXBuildFile; fileRef = 3040D9371AA24F3C0005964F /* CourseCustomTableViewCell.m */; };
		306564C41A990EBD003DAA17 /* main.m in Sources */ = {isa = PBXBuildFile; fileRef = 306564C31A990EBD003DAA17 /* main.m */; };
		306564C71A990EBD003DAA17 /* AppDelegate.m in Sources */ = {isa = PBXBuildFile; fileRef = 306564C61A990EBD003DAA17 /* AppDelegate.m */; };
		306564CD1A990EBD003DAA17 /* MainViewController.m in Sources */ = {isa = PBXBuildFile; fileRef = 306564CC1A990EBD003DAA17 /* MainViewController.m */; };
		306564D01A990EBD003DAA17 /* Main.storyboard in Resources */ = {isa = PBXBuildFile; fileRef = 306564CE1A990EBD003DAA17 /* Main.storyboard */; };
		306564D21A990EBD003DAA17 /* Images.xcassets in Resources */ = {isa = PBXBuildFile; fileRef = 306564D11A990EBD003DAA17 /* Images.xcassets */; };
		306564D51A990EBD003DAA17 /* LaunchScreen.xib in Resources */ = {isa = PBXBuildFile; fileRef = 306564D31A990EBD003DAA17 /* LaunchScreen.xib */; };
		306564E11A990EBD003DAA17 /* MiniGolfTests.m in Sources */ = {isa = PBXBuildFile; fileRef = 306564E01A990EBD003DAA17 /* MiniGolfTests.m */; };
		306564EC1A99171E003DAA17 /* CreateGameViewController.m in Sources */ = {isa = PBXBuildFile; fileRef = 306564EB1A99171E003DAA17 /* CreateGameViewController.m */; };
		306564EF1A991742003DAA17 /* AddCourseViewController.m in Sources */ = {isa = PBXBuildFile; fileRef = 306564EE1A991742003DAA17 /* AddCourseViewController.m */; };
		306564F21A991755003DAA17 /* StatsViewController.m in Sources */ = {isa = PBXBuildFile; fileRef = 306564F11A991755003DAA17 /* StatsViewController.m */; };
		30B198D41AA69D490092F3DF /* CourseController.m in Sources */ = {isa = PBXBuildFile; fileRef = 30B198D31AA69D490092F3DF /* CourseController.m */; };
		30B198D71AA69F3F0092F3DF /* Course.m in Sources */ = {isa = PBXBuildFile; fileRef = 30B198D61AA69F3F0092F3DF /* Course.m */; };
		30B198DC1AA6A9B70092F3DF /* MiniGolf.xcdatamodeld in Sources */ = {isa = PBXBuildFile; fileRef = 30B198DA1AA6A9B70092F3DF /* MiniGolf.xcdatamodeld */; };
		30B198E41AA7F89D0092F3DF /* AudioToolbox.framework in Frameworks */ = {isa = PBXBuildFile; fileRef = 30B198E31AA7F89D0092F3DF /* AudioToolbox.framework */; };
		30B198E61AA7F8A70092F3DF /* CFNetwork.framework in Frameworks */ = {isa = PBXBuildFile; fileRef = 30B198E51AA7F8A70092F3DF /* CFNetwork.framework */; };
		30B198E81AA7F8B50092F3DF /* CoreGraphics.framework in Frameworks */ = {isa = PBXBuildFile; fileRef = 30B198E71AA7F8B50092F3DF /* CoreGraphics.framework */; };
		30B198EA1AA7F8C30092F3DF /* CoreLocation.framework in Frameworks */ = {isa = PBXBuildFile; fileRef = 30B198E91AA7F8C30092F3DF /* CoreLocation.framework */; };
		30B198EC1AA7F8D10092F3DF /* MobileCoreServices.framework in Frameworks */ = {isa = PBXBuildFile; fileRef = 30B198EB1AA7F8D10092F3DF /* MobileCoreServices.framework */; };
		30B198EE1AA7F8DD0092F3DF /* QuartzCore.framework in Frameworks */ = {isa = PBXBuildFile; fileRef = 30B198ED1AA7F8DD0092F3DF /* QuartzCore.framework */; };
		30B198F01AA7F8E80092F3DF /* Security.framework in Frameworks */ = {isa = PBXBuildFile; fileRef = 30B198EF1AA7F8E80092F3DF /* Security.framework */; };
		30B198F21AA7F8F60092F3DF /* StoreKit.framework in Frameworks */ = {isa = PBXBuildFile; fileRef = 30B198F11AA7F8F60092F3DF /* StoreKit.framework */; };
		30B198F41AA7F9050092F3DF /* SystemConfiguration.framework in Frameworks */ = {isa = PBXBuildFile; fileRef = 30B198F31AA7F9050092F3DF /* SystemConfiguration.framework */; };
		30B198F61AA7F91B0092F3DF /* libz.dylib in Frameworks */ = {isa = PBXBuildFile; fileRef = 30B198F51AA7F91B0092F3DF /* libz.dylib */; };
		30B198F81AA7F9300092F3DF /* libsqlite3.dylib in Frameworks */ = {isa = PBXBuildFile; fileRef = 30B198F71AA7F9300092F3DF /* libsqlite3.dylib */; };
		30DCE2D21A9D61C7003C97D5 /* FacebookController.m in Sources */ = {isa = PBXBuildFile; fileRef = 30DCE2D11A9D61C7003C97D5 /* FacebookController.m */; };
		30DCE3F01A9D61F2003C97D5 /* FacebookSDK.framework in Frameworks */ = {isa = PBXBuildFile; fileRef = 30DCE2D51A9D61F1003C97D5 /* FacebookSDK.framework */; };
		30DCE3F11A9D61F2003C97D5 /* FBAudienceNetwork.framework in Frameworks */ = {isa = PBXBuildFile; fileRef = 30DCE2D61A9D61F1003C97D5 /* FBAudienceNetwork.framework */; };
		30DCE3F21A9D61F2003C97D5 /* FBAudienceNetwork.README.txt in Resources */ = {isa = PBXBuildFile; fileRef = 30DCE2D71A9D61F1003C97D5 /* FBAudienceNetwork.README.txt */; };
		30DCE3F31A9D61F2003C97D5 /* LICENSE in Resources */ = {isa = PBXBuildFile; fileRef = 30DCE2D81A9D61F1003C97D5 /* LICENSE */; };
		30DCE3F41A9D61F2003C97D5 /* README.txt in Resources */ = {isa = PBXBuildFile; fileRef = 30DCE2D91A9D61F1003C97D5 /* README.txt */; };
		30EFE6A31AA7FCA6007358B0 /* Social.framework in Frameworks */ = {isa = PBXBuildFile; fileRef = 30EFE6A21AA7FCA6007358B0 /* Social.framework */; };
		30F3058A1AAB96880030F455 /* AddressBook.framework in Frameworks */ = {isa = PBXBuildFile; fileRef = 30F305891AAB96880030F455 /* AddressBook.framework */; };
		30F3058C1AAB968E0030F455 /* AddressBookUI.framework in Frameworks */ = {isa = PBXBuildFile; fileRef = 30F3058B1AAB968E0030F455 /* AddressBookUI.framework */; };
		30F3058F1AAFD9AF0030F455 /* holesTableViewDataSource.m in Sources */ = {isa = PBXBuildFile; fileRef = 30F3058E1AAFD9AF0030F455 /* holesTableViewDataSource.m */; };
		30FBEAAC1AA8046F0028DB24 /* Parse.framework in Frameworks */ = {isa = PBXBuildFile; fileRef = 30FBEAAA1AA8046F0028DB24 /* Parse.framework */; };
		30FBEAB41AAB661E0028DB24 /* ChoosePlayerViewController.m in Sources */ = {isa = PBXBuildFile; fileRef = 30FBEAB31AAB661E0028DB24 /* ChoosePlayerViewController.m */; };
		9D016E8F916F53882930B580 /* libPods-MiniGolf.a in Frameworks */ = {isa = PBXBuildFile; fileRef = BF4E7C1947C525E2CDE2B815 /* libPods-MiniGolf.a */; settings = {ATTRIBUTES = (Required, ); }; };
/* End PBXBuildFile section */

/* Begin PBXContainerItemProxy section */
		306564DB1A990EBD003DAA17 /* PBXContainerItemProxy */ = {
			isa = PBXContainerItemProxy;
			containerPortal = 306564B61A990EBD003DAA17 /* Project object */;
			proxyType = 1;
			remoteGlobalIDString = 306564BD1A990EBD003DAA17;
			remoteInfo = MiniGolf;
		};
/* End PBXContainerItemProxy section */

/* Begin PBXFileReference section */
		300E21021A9EB0E20099616A /* CreateGameTableViewDataSource.h */ = {isa = PBXFileReference; fileEncoding = 4; lastKnownFileType = sourcecode.c.h; path = CreateGameTableViewDataSource.h; sourceTree = "<group>"; };
		300E21031A9EB0E20099616A /* CreateGameTableViewDataSource.m */ = {isa = PBXFileReference; fileEncoding = 4; lastKnownFileType = sourcecode.c.objc; path = CreateGameTableViewDataSource.m; sourceTree = "<group>"; };
		300E21061AA0066C0099616A /* Crashlytics.framework */ = {isa = PBXFileReference; lastKnownFileType = wrapper.framework; path = Crashlytics.framework; sourceTree = "<group>"; };
		300E21071AA0066C0099616A /* Fabric.framework */ = {isa = PBXFileReference; lastKnownFileType = wrapper.framework; path = Fabric.framework; sourceTree = "<group>"; };
		3040D9311AA245EC0005964F /* Stack.h */ = {isa = PBXFileReference; fileEncoding = 4; lastKnownFileType = sourcecode.c.h; path = Stack.h; sourceTree = "<group>"; };
		3040D9321AA245EC0005964F /* Stack.m */ = {isa = PBXFileReference; fileEncoding = 4; lastKnownFileType = sourcecode.c.objc; path = Stack.m; sourceTree = "<group>"; };
		3040D9341AA246990005964F /* CoreData.framework */ = {isa = PBXFileReference; lastKnownFileType = wrapper.framework; name = CoreData.framework; path = System/Library/Frameworks/CoreData.framework; sourceTree = SDKROOT; };
		3040D9361AA24F3C0005964F /* CourseCustomTableViewCell.h */ = {isa = PBXFileReference; fileEncoding = 4; lastKnownFileType = sourcecode.c.h; path = CourseCustomTableViewCell.h; sourceTree = "<group>"; };
		3040D9371AA24F3C0005964F /* CourseCustomTableViewCell.m */ = {isa = PBXFileReference; fileEncoding = 4; lastKnownFileType = sourcecode.c.objc; path = CourseCustomTableViewCell.m; sourceTree = "<group>"; };
		306564BE1A990EBD003DAA17 /* MiniGolf.app */ = {isa = PBXFileReference; explicitFileType = wrapper.application; includeInIndex = 0; path = MiniGolf.app; sourceTree = BUILT_PRODUCTS_DIR; };
		306564C21A990EBD003DAA17 /* Info.plist */ = {isa = PBXFileReference; lastKnownFileType = text.plist.xml; path = Info.plist; sourceTree = "<group>"; };
		306564C31A990EBD003DAA17 /* main.m */ = {isa = PBXFileReference; lastKnownFileType = sourcecode.c.objc; path = main.m; sourceTree = "<group>"; };
		306564C51A990EBD003DAA17 /* AppDelegate.h */ = {isa = PBXFileReference; lastKnownFileType = sourcecode.c.h; path = AppDelegate.h; sourceTree = "<group>"; };
		306564C61A990EBD003DAA17 /* AppDelegate.m */ = {isa = PBXFileReference; lastKnownFileType = sourcecode.c.objc; path = AppDelegate.m; sourceTree = "<group>"; };
		306564CB1A990EBD003DAA17 /* MainViewController.h */ = {isa = PBXFileReference; lastKnownFileType = sourcecode.c.h; path = MainViewController.h; sourceTree = "<group>"; };
		306564CC1A990EBD003DAA17 /* MainViewController.m */ = {isa = PBXFileReference; lastKnownFileType = sourcecode.c.objc; path = MainViewController.m; sourceTree = "<group>"; };
		306564CF1A990EBD003DAA17 /* Base */ = {isa = PBXFileReference; lastKnownFileType = file.storyboard; name = Base; path = Base.lproj/Main.storyboard; sourceTree = "<group>"; };
		306564D11A990EBD003DAA17 /* Images.xcassets */ = {isa = PBXFileReference; lastKnownFileType = folder.assetcatalog; path = Images.xcassets; sourceTree = "<group>"; };
		306564D41A990EBD003DAA17 /* Base */ = {isa = PBXFileReference; lastKnownFileType = file.xib; name = Base; path = Base.lproj/LaunchScreen.xib; sourceTree = "<group>"; };
		306564DA1A990EBD003DAA17 /* MiniGolfTests.xctest */ = {isa = PBXFileReference; explicitFileType = wrapper.cfbundle; includeInIndex = 0; path = MiniGolfTests.xctest; sourceTree = BUILT_PRODUCTS_DIR; };
		306564DF1A990EBD003DAA17 /* Info.plist */ = {isa = PBXFileReference; lastKnownFileType = text.plist.xml; path = Info.plist; sourceTree = "<group>"; };
		306564E01A990EBD003DAA17 /* MiniGolfTests.m */ = {isa = PBXFileReference; lastKnownFileType = sourcecode.c.objc; path = MiniGolfTests.m; sourceTree = "<group>"; };
		306564EA1A99171E003DAA17 /* CreateGameViewController.h */ = {isa = PBXFileReference; fileEncoding = 4; lastKnownFileType = sourcecode.c.h; path = CreateGameViewController.h; sourceTree = "<group>"; };
		306564EB1A99171E003DAA17 /* CreateGameViewController.m */ = {isa = PBXFileReference; fileEncoding = 4; lastKnownFileType = sourcecode.c.objc; path = CreateGameViewController.m; sourceTree = "<group>"; };
		306564ED1A991742003DAA17 /* AddCourseViewController.h */ = {isa = PBXFileReference; fileEncoding = 4; lastKnownFileType = sourcecode.c.h; path = AddCourseViewController.h; sourceTree = "<group>"; };
		306564EE1A991742003DAA17 /* AddCourseViewController.m */ = {isa = PBXFileReference; fileEncoding = 4; lastKnownFileType = sourcecode.c.objc; path = AddCourseViewController.m; sourceTree = "<group>"; };
		306564F01A991755003DAA17 /* StatsViewController.h */ = {isa = PBXFileReference; fileEncoding = 4; lastKnownFileType = sourcecode.c.h; path = StatsViewController.h; sourceTree = "<group>"; };
		306564F11A991755003DAA17 /* StatsViewController.m */ = {isa = PBXFileReference; fileEncoding = 4; lastKnownFileType = sourcecode.c.objc; path = StatsViewController.m; sourceTree = "<group>"; };
		30B198D21AA69D490092F3DF /* CourseController.h */ = {isa = PBXFileReference; fileEncoding = 4; lastKnownFileType = sourcecode.c.h; path = CourseController.h; sourceTree = "<group>"; };
		30B198D31AA69D490092F3DF /* CourseController.m */ = {isa = PBXFileReference; fileEncoding = 4; lastKnownFileType = sourcecode.c.objc; path = CourseController.m; sourceTree = "<group>"; };
		30B198D51AA69F3F0092F3DF /* Course.h */ = {isa = PBXFileReference; fileEncoding = 4; lastKnownFileType = sourcecode.c.h; path = Course.h; sourceTree = "<group>"; };
		30B198D61AA69F3F0092F3DF /* Course.m */ = {isa = PBXFileReference; fileEncoding = 4; lastKnownFileType = sourcecode.c.objc; path = Course.m; sourceTree = "<group>"; };
		30B198DB1AA6A9B70092F3DF /* MiniGolf.xcdatamodel */ = {isa = PBXFileReference; lastKnownFileType = wrapper.xcdatamodel; path = MiniGolf.xcdatamodel; sourceTree = "<group>"; };
		30B198E31AA7F89D0092F3DF /* AudioToolbox.framework */ = {isa = PBXFileReference; lastKnownFileType = wrapper.framework; name = AudioToolbox.framework; path = System/Library/Frameworks/AudioToolbox.framework; sourceTree = SDKROOT; };
		30B198E51AA7F8A70092F3DF /* CFNetwork.framework */ = {isa = PBXFileReference; lastKnownFileType = wrapper.framework; name = CFNetwork.framework; path = System/Library/Frameworks/CFNetwork.framework; sourceTree = SDKROOT; };
		30B198E71AA7F8B50092F3DF /* CoreGraphics.framework */ = {isa = PBXFileReference; lastKnownFileType = wrapper.framework; name = CoreGraphics.framework; path = System/Library/Frameworks/CoreGraphics.framework; sourceTree = SDKROOT; };
		30B198E91AA7F8C30092F3DF /* CoreLocation.framework */ = {isa = PBXFileReference; lastKnownFileType = wrapper.framework; name = CoreLocation.framework; path = System/Library/Frameworks/CoreLocation.framework; sourceTree = SDKROOT; };
		30B198EB1AA7F8D10092F3DF /* MobileCoreServices.framework */ = {isa = PBXFileReference; lastKnownFileType = wrapper.framework; name = MobileCoreServices.framework; path = System/Library/Frameworks/MobileCoreServices.framework; sourceTree = SDKROOT; };
		30B198ED1AA7F8DD0092F3DF /* QuartzCore.framework */ = {isa = PBXFileReference; lastKnownFileType = wrapper.framework; name = QuartzCore.framework; path = System/Library/Frameworks/QuartzCore.framework; sourceTree = SDKROOT; };
		30B198EF1AA7F8E80092F3DF /* Security.framework */ = {isa = PBXFileReference; lastKnownFileType = wrapper.framework; name = Security.framework; path = System/Library/Frameworks/Security.framework; sourceTree = SDKROOT; };
		30B198F11AA7F8F60092F3DF /* StoreKit.framework */ = {isa = PBXFileReference; lastKnownFileType = wrapper.framework; name = StoreKit.framework; path = System/Library/Frameworks/StoreKit.framework; sourceTree = SDKROOT; };
		30B198F31AA7F9050092F3DF /* SystemConfiguration.framework */ = {isa = PBXFileReference; lastKnownFileType = wrapper.framework; name = SystemConfiguration.framework; path = System/Library/Frameworks/SystemConfiguration.framework; sourceTree = SDKROOT; };
		30B198F51AA7F91B0092F3DF /* libz.dylib */ = {isa = PBXFileReference; lastKnownFileType = "compiled.mach-o.dylib"; name = libz.dylib; path = usr/lib/libz.dylib; sourceTree = SDKROOT; };
		30B198F71AA7F9300092F3DF /* libsqlite3.dylib */ = {isa = PBXFileReference; lastKnownFileType = "compiled.mach-o.dylib"; name = libsqlite3.dylib; path = usr/lib/libsqlite3.dylib; sourceTree = SDKROOT; };
		30DCE2D01A9D61C7003C97D5 /* FacebookController.h */ = {isa = PBXFileReference; fileEncoding = 4; lastKnownFileType = sourcecode.c.h; path = FacebookController.h; sourceTree = "<group>"; };
		30DCE2D11A9D61C7003C97D5 /* FacebookController.m */ = {isa = PBXFileReference; fileEncoding = 4; lastKnownFileType = sourcecode.c.objc; path = FacebookController.m; sourceTree = "<group>"; };
		30DCE2D51A9D61F1003C97D5 /* FacebookSDK.framework */ = {isa = PBXFileReference; lastKnownFileType = wrapper.framework; name = FacebookSDK.framework; path = ../../FacebookSDK/FacebookSDK.framework; sourceTree = "<group>"; };
		30DCE2D61A9D61F1003C97D5 /* FBAudienceNetwork.framework */ = {isa = PBXFileReference; lastKnownFileType = wrapper.framework; name = FBAudienceNetwork.framework; path = ../../FacebookSDK/FBAudienceNetwork.framework; sourceTree = "<group>"; };
		30DCE2D71A9D61F1003C97D5 /* FBAudienceNetwork.README.txt */ = {isa = PBXFileReference; fileEncoding = 4; lastKnownFileType = text; path = FBAudienceNetwork.README.txt; sourceTree = "<group>"; };
		30DCE2D81A9D61F1003C97D5 /* LICENSE */ = {isa = PBXFileReference; fileEncoding = 4; lastKnownFileType = text; path = LICENSE; sourceTree = "<group>"; };
		30DCE2D91A9D61F1003C97D5 /* README.txt */ = {isa = PBXFileReference; fileEncoding = 4; lastKnownFileType = text; path = README.txt; sourceTree = "<group>"; };
		30EFE6A21AA7FCA6007358B0 /* Social.framework */ = {isa = PBXFileReference; lastKnownFileType = wrapper.framework; name = Social.framework; path = System/Library/Frameworks/Social.framework; sourceTree = SDKROOT; };
		30F305891AAB96880030F455 /* AddressBook.framework */ = {isa = PBXFileReference; lastKnownFileType = wrapper.framework; name = AddressBook.framework; path = System/Library/Frameworks/AddressBook.framework; sourceTree = SDKROOT; };
		30F3058B1AAB968E0030F455 /* AddressBookUI.framework */ = {isa = PBXFileReference; lastKnownFileType = wrapper.framework; name = AddressBookUI.framework; path = System/Library/Frameworks/AddressBookUI.framework; sourceTree = SDKROOT; };
		30F3058D1AAFD9AF0030F455 /* holesTableViewDataSource.h */ = {isa = PBXFileReference; fileEncoding = 4; lastKnownFileType = sourcecode.c.h; path = holesTableViewDataSource.h; sourceTree = "<group>"; };
		30F3058E1AAFD9AF0030F455 /* holesTableViewDataSource.m */ = {isa = PBXFileReference; fileEncoding = 4; lastKnownFileType = sourcecode.c.objc; path = holesTableViewDataSource.m; sourceTree = "<group>"; };
		30FBEAAA1AA8046F0028DB24 /* Parse.framework */ = {isa = PBXFileReference; lastKnownFileType = wrapper.framework; name = Parse.framework; path = "../../../Downloads/parse-library-1/Parse.framework"; sourceTree = "<group>"; };
		30FBEAB21AAB661E0028DB24 /* ChoosePlayerViewController.h */ = {isa = PBXFileReference; fileEncoding = 4; lastKnownFileType = sourcecode.c.h; path = ChoosePlayerViewController.h; sourceTree = "<group>"; };
		30FBEAB31AAB661E0028DB24 /* ChoosePlayerViewController.m */ = {isa = PBXFileReference; fileEncoding = 4; lastKnownFileType = sourcecode.c.objc; path = ChoosePlayerViewController.m; sourceTree = "<group>"; };
		377F9F9EA60CA5E50A5069A1 /* Pods-MiniGolf.debug.xcconfig */ = {isa = PBXFileReference; includeInIndex = 1; lastKnownFileType = text.xcconfig; name = "Pods-MiniGolf.debug.xcconfig"; path = "Pods/Target Support Files/Pods-MiniGolf/Pods-MiniGolf.debug.xcconfig"; sourceTree = "<group>"; };
		994014B06B005A03636B1ED8 /* Pods-MiniGolf.release.xcconfig */ = {isa = PBXFileReference; includeInIndex = 1; lastKnownFileType = text.xcconfig; name = "Pods-MiniGolf.release.xcconfig"; path = "Pods/Target Support Files/Pods-MiniGolf/Pods-MiniGolf.release.xcconfig"; sourceTree = "<group>"; };
		BF4E7C1947C525E2CDE2B815 /* libPods-MiniGolf.a */ = {isa = PBXFileReference; explicitFileType = archive.ar; includeInIndex = 0; path = "libPods-MiniGolf.a"; sourceTree = BUILT_PRODUCTS_DIR; };
/* End PBXFileReference section */

/* Begin PBXFrameworksBuildPhase section */
		306564BB1A990EBD003DAA17 /* Frameworks */ = {
			isa = PBXFrameworksBuildPhase;
			buildActionMask = 2147483647;
			files = (
				30F3058C1AAB968E0030F455 /* AddressBookUI.framework in Frameworks */,
				30F3058A1AAB96880030F455 /* AddressBook.framework in Frameworks */,
				30EFE6A31AA7FCA6007358B0 /* Social.framework in Frameworks */,
				30B198F81AA7F9300092F3DF /* libsqlite3.dylib in Frameworks */,
				30B198F61AA7F91B0092F3DF /* libz.dylib in Frameworks */,
				30B198F41AA7F9050092F3DF /* SystemConfiguration.framework in Frameworks */,
				30B198F21AA7F8F60092F3DF /* StoreKit.framework in Frameworks */,
				30B198F01AA7F8E80092F3DF /* Security.framework in Frameworks */,
				30B198EE1AA7F8DD0092F3DF /* QuartzCore.framework in Frameworks */,
				30B198EC1AA7F8D10092F3DF /* MobileCoreServices.framework in Frameworks */,
				30B198EA1AA7F8C30092F3DF /* CoreLocation.framework in Frameworks */,
				30B198E81AA7F8B50092F3DF /* CoreGraphics.framework in Frameworks */,
				30B198E61AA7F8A70092F3DF /* CFNetwork.framework in Frameworks */,
				30B198E41AA7F89D0092F3DF /* AudioToolbox.framework in Frameworks */,
				3040D9351AA246990005964F /* CoreData.framework in Frameworks */,
				30FBEAAC1AA8046F0028DB24 /* Parse.framework in Frameworks */,
				30DCE3F11A9D61F2003C97D5 /* FBAudienceNetwork.framework in Frameworks */,
				300E21081AA0066C0099616A /* Crashlytics.framework in Frameworks */,
				30DCE3F01A9D61F2003C97D5 /* FacebookSDK.framework in Frameworks */,
				9D016E8F916F53882930B580 /* libPods-MiniGolf.a in Frameworks */,
				300E21091AA0066C0099616A /* Fabric.framework in Frameworks */,
			);
			runOnlyForDeploymentPostprocessing = 0;
		};
		306564D71A990EBD003DAA17 /* Frameworks */ = {
			isa = PBXFrameworksBuildPhase;
			buildActionMask = 2147483647;
			files = (
			);
			runOnlyForDeploymentPostprocessing = 0;
		};
/* End PBXFrameworksBuildPhase section */

/* Begin PBXGroup section */
		0F1141E9884E4F11B0DFF663 /* Frameworks */ = {
			isa = PBXGroup;
			children = (
				30F3058B1AAB968E0030F455 /* AddressBookUI.framework */,
				30F305891AAB96880030F455 /* AddressBook.framework */,
				30FBEAAA1AA8046F0028DB24 /* Parse.framework */,
				30DCE2D61A9D61F1003C97D5 /* FBAudienceNetwork.framework */,
				30DCE2D51A9D61F1003C97D5 /* FacebookSDK.framework */,
				30EFE6A21AA7FCA6007358B0 /* Social.framework */,
				30B198F71AA7F9300092F3DF /* libsqlite3.dylib */,
				30B198F51AA7F91B0092F3DF /* libz.dylib */,
				30B198F31AA7F9050092F3DF /* SystemConfiguration.framework */,
				30B198F11AA7F8F60092F3DF /* StoreKit.framework */,
				30B198EF1AA7F8E80092F3DF /* Security.framework */,
				30B198ED1AA7F8DD0092F3DF /* QuartzCore.framework */,
				30B198EB1AA7F8D10092F3DF /* MobileCoreServices.framework */,
				30B198E91AA7F8C30092F3DF /* CoreLocation.framework */,
				30B198E71AA7F8B50092F3DF /* CoreGraphics.framework */,
				30B198E51AA7F8A70092F3DF /* CFNetwork.framework */,
				30B198E31AA7F89D0092F3DF /* AudioToolbox.framework */,
				3040D9341AA246990005964F /* CoreData.framework */,
				300E21061AA0066C0099616A /* Crashlytics.framework */,
				300E21071AA0066C0099616A /* Fabric.framework */,
				BF4E7C1947C525E2CDE2B815 /* libPods-MiniGolf.a */,
			);
			name = Frameworks;
			sourceTree = "<group>";
		};
		3040D92A1AA2260F0005964F /* Facebook */ = {
			isa = PBXGroup;
			children = (
				30DCE2D01A9D61C7003C97D5 /* FacebookController.h */,
				30DCE2D11A9D61C7003C97D5 /* FacebookController.m */,
			);
			name = Facebook;
			sourceTree = "<group>";
		};
		306564B51A990EBD003DAA17 = {
			isa = PBXGroup;
			children = (
				306564C01A990EBD003DAA17 /* MiniGolf */,
				306564DD1A990EBD003DAA17 /* MiniGolfTests */,
				306564BF1A990EBD003DAA17 /* Products */,
				30DCE2D31A9D61F1003C97D5 /* FacebookSDK */,
				E7B8157C4A1AA3D0D655CD7E /* Pods */,
				0F1141E9884E4F11B0DFF663 /* Frameworks */,
			);
			sourceTree = "<group>";
		};
		306564BF1A990EBD003DAA17 /* Products */ = {
			isa = PBXGroup;
			children = (
				306564BE1A990EBD003DAA17 /* MiniGolf.app */,
				306564DA1A990EBD003DAA17 /* MiniGolfTests.xctest */,
			);
			name = Products;
			sourceTree = "<group>";
		};
		306564C01A990EBD003DAA17 /* MiniGolf */ = {
			isa = PBXGroup;
			children = (
				306564C51A990EBD003DAA17 /* AppDelegate.h */,
				306564C61A990EBD003DAA17 /* AppDelegate.m */,
				306564CB1A990EBD003DAA17 /* MainViewController.h */,
				306564CC1A990EBD003DAA17 /* MainViewController.m */,
				307CB90B1A9D76BB001B8CD3 /* CreateGame */,
				307CB90C1A9D76CF001B8CD3 /* HistoryStats */,
				3040D92A1AA2260F0005964F /* Facebook */,
				3040D9311AA245EC0005964F /* Stack.h */,
				3040D9321AA245EC0005964F /* Stack.m */,
				30B198DA1AA6A9B70092F3DF /* MiniGolf.xcdatamodeld */,
				306564CE1A990EBD003DAA17 /* Main.storyboard */,
				306564D11A990EBD003DAA17 /* Images.xcassets */,
				306564D31A990EBD003DAA17 /* LaunchScreen.xib */,
				306564C11A990EBD003DAA17 /* Supporting Files */,
			);
			path = MiniGolf;
			sourceTree = "<group>";
		};
		306564C11A990EBD003DAA17 /* Supporting Files */ = {
			isa = PBXGroup;
			children = (
				306564C21A990EBD003DAA17 /* Info.plist */,
				306564C31A990EBD003DAA17 /* main.m */,
			);
			name = "Supporting Files";
			sourceTree = "<group>";
		};
		306564DD1A990EBD003DAA17 /* MiniGolfTests */ = {
			isa = PBXGroup;
			children = (
				306564E01A990EBD003DAA17 /* MiniGolfTests.m */,
				306564DE1A990EBD003DAA17 /* Supporting Files */,
			);
			path = MiniGolfTests;
			sourceTree = "<group>";
		};
		306564DE1A990EBD003DAA17 /* Supporting Files */ = {
			isa = PBXGroup;
			children = (
				306564DF1A990EBD003DAA17 /* Info.plist */,
			);
			name = "Supporting Files";
			sourceTree = "<group>";
		};
		307CB90B1A9D76BB001B8CD3 /* CreateGame */ = {
			isa = PBXGroup;
			children = (
				30FBEAAD1AAB62610028DB24 /* Select/Add Course */,
				30FBEAAE1AAB62990028DB24 /* Select Players */,
			);
			name = CreateGame;
			sourceTree = "<group>";
		};
		307CB90C1A9D76CF001B8CD3 /* HistoryStats */ = {
			isa = PBXGroup;
			children = (
				306564F01A991755003DAA17 /* StatsViewController.h */,
				306564F11A991755003DAA17 /* StatsViewController.m */,
			);
			name = HistoryStats;
			sourceTree = "<group>";
		};
		30DCE2D31A9D61F1003C97D5 /* FacebookSDK */ = {
			isa = PBXGroup;
			children = (
				30DCE2D71A9D61F1003C97D5 /* FBAudienceNetwork.README.txt */,
				30DCE2D81A9D61F1003C97D5 /* LICENSE */,
				30DCE2D91A9D61F1003C97D5 /* README.txt */,
			);
			name = FacebookSDK;
			path = ../../FacebookSDK;
			sourceTree = "<group>";
		};
		30FBEAAD1AAB62610028DB24 /* Select/Add Course */ = {
			isa = PBXGroup;
			children = (
				306564EA1A99171E003DAA17 /* CreateGameViewController.h */,
				306564EB1A99171E003DAA17 /* CreateGameViewController.m */,
				300E21021A9EB0E20099616A /* CreateGameTableViewDataSource.h */,
				300E21031A9EB0E20099616A /* CreateGameTableViewDataSource.m */,
				306564ED1A991742003DAA17 /* AddCourseViewController.h */,
				306564EE1A991742003DAA17 /* AddCourseViewController.m */,
				30F3058D1AAFD9AF0030F455 /* holesTableViewDataSource.h */,
				30F3058E1AAFD9AF0030F455 /* holesTableViewDataSource.m */,
				3040D9361AA24F3C0005964F /* CourseCustomTableViewCell.h */,
				3040D9371AA24F3C0005964F /* CourseCustomTableViewCell.m */,
				30B198D21AA69D490092F3DF /* CourseController.h */,
				30B198D31AA69D490092F3DF /* CourseController.m */,
				30B198D51AA69F3F0092F3DF /* Course.h */,
				30B198D61AA69F3F0092F3DF /* Course.m */,
			);
			name = "Select/Add Course";
			sourceTree = "<group>";
		};
		30FBEAAE1AAB62990028DB24 /* Select Players */ = {
			isa = PBXGroup;
			children = (
				30FBEAB21AAB661E0028DB24 /* ChoosePlayerViewController.h */,
				30FBEAB31AAB661E0028DB24 /* ChoosePlayerViewController.m */,
			);
			name = "Select Players";
			sourceTree = "<group>";
		};
		E7B8157C4A1AA3D0D655CD7E /* Pods */ = {
			isa = PBXGroup;
			children = (
				377F9F9EA60CA5E50A5069A1 /* Pods-MiniGolf.debug.xcconfig */,
				994014B06B005A03636B1ED8 /* Pods-MiniGolf.release.xcconfig */,
			);
			name = Pods;
			sourceTree = "<group>";
		};
/* End PBXGroup section */

/* Begin PBXNativeTarget section */
		306564BD1A990EBD003DAA17 /* MiniGolf */ = {
			isa = PBXNativeTarget;
			buildConfigurationList = 306564E41A990EBD003DAA17 /* Build configuration list for PBXNativeTarget "MiniGolf" */;
			buildPhases = (
				9D4A4EAE43D95F84E1B6EDA8 /* Check Pods Manifest.lock */,
				306564BA1A990EBD003DAA17 /* Sources */,
				306564BB1A990EBD003DAA17 /* Frameworks */,
				306564BC1A990EBD003DAA17 /* Resources */,
				930D1E0858C72E2C2729F956 /* Copy Pods Resources */,
				300E21051AA0061A0099616A /* ShellScript */,
			);
			buildRules = (
			);
			dependencies = (
			);
			name = MiniGolf;
			productName = MiniGolf;
			productReference = 306564BE1A990EBD003DAA17 /* MiniGolf.app */;
			productType = "com.apple.product-type.application";
		};
		306564D91A990EBD003DAA17 /* MiniGolfTests */ = {
			isa = PBXNativeTarget;
			buildConfigurationList = 306564E71A990EBD003DAA17 /* Build configuration list for PBXNativeTarget "MiniGolfTests" */;
			buildPhases = (
				306564D61A990EBD003DAA17 /* Sources */,
				306564D71A990EBD003DAA17 /* Frameworks */,
				306564D81A990EBD003DAA17 /* Resources */,
			);
			buildRules = (
			);
			dependencies = (
				306564DC1A990EBD003DAA17 /* PBXTargetDependency */,
			);
			name = MiniGolfTests;
			productName = MiniGolfTests;
			productReference = 306564DA1A990EBD003DAA17 /* MiniGolfTests.xctest */;
			productType = "com.apple.product-type.bundle.unit-test";
		};
/* End PBXNativeTarget section */

/* Begin PBXProject section */
		306564B61A990EBD003DAA17 /* Project object */ = {
			isa = PBXProject;
			attributes = {
				LastUpgradeCheck = 0610;
				ORGANIZATIONNAME = "Daniel Bladh";
				TargetAttributes = {
					306564BD1A990EBD003DAA17 = {
						CreatedOnToolsVersion = 6.1.1;
						DevelopmentTeam = CDJ8USG7DJ;
					};
					306564D91A990EBD003DAA17 = {
						CreatedOnToolsVersion = 6.1.1;
						TestTargetID = 306564BD1A990EBD003DAA17;
					};
				};
			};
			buildConfigurationList = 306564B91A990EBD003DAA17 /* Build configuration list for PBXProject "MiniGolf" */;
			compatibilityVersion = "Xcode 3.2";
			developmentRegion = English;
			hasScannedForEncodings = 0;
			knownRegions = (
				en,
				Base,
				he,
			);
			mainGroup = 306564B51A990EBD003DAA17;
			productRefGroup = 306564BF1A990EBD003DAA17 /* Products */;
			projectDirPath = "";
			projectRoot = "";
			targets = (
				306564BD1A990EBD003DAA17 /* MiniGolf */,
				306564D91A990EBD003DAA17 /* MiniGolfTests */,
			);
		};
/* End PBXProject section */

/* Begin PBXResourcesBuildPhase section */
		306564BC1A990EBD003DAA17 /* Resources */ = {
			isa = PBXResourcesBuildPhase;
			buildActionMask = 2147483647;
			files = (
				306564D01A990EBD003DAA17 /* Main.storyboard in Resources */,
				306564D51A990EBD003DAA17 /* LaunchScreen.xib in Resources */,
				30DCE3F21A9D61F2003C97D5 /* FBAudienceNetwork.README.txt in Resources */,
				306564D21A990EBD003DAA17 /* Images.xcassets in Resources */,
				30DCE3F41A9D61F2003C97D5 /* README.txt in Resources */,
				30DCE3F31A9D61F2003C97D5 /* LICENSE in Resources */,
			);
			runOnlyForDeploymentPostprocessing = 0;
		};
		306564D81A990EBD003DAA17 /* Resources */ = {
			isa = PBXResourcesBuildPhase;
			buildActionMask = 2147483647;
			files = (
			);
			runOnlyForDeploymentPostprocessing = 0;
		};
/* End PBXResourcesBuildPhase section */

/* Begin PBXShellScriptBuildPhase section */
		300E21051AA0061A0099616A /* ShellScript */ = {
			isa = PBXShellScriptBuildPhase;
			buildActionMask = 2147483647;
			files = (
			);
			inputPaths = (
			);
			outputPaths = (
			);
			runOnlyForDeploymentPostprocessing = 0;
			shellPath = /bin/sh;
			shellScript = "./Fabric.framework/run 106e29df21ad7bd4e20bd6d655aed2c9be6b321a 1fab6792f4c693a7ef70220bfdde6b3b573a8d65230d3f84dcb634bd4739c82c";
		};
		930D1E0858C72E2C2729F956 /* Copy Pods Resources */ = {
			isa = PBXShellScriptBuildPhase;
			buildActionMask = 2147483647;
			files = (
			);
			inputPaths = (
			);
			name = "Copy Pods Resources";
			outputPaths = (
			);
			runOnlyForDeploymentPostprocessing = 0;
			shellPath = /bin/sh;
			shellScript = "\"${SRCROOT}/Pods/Target Support Files/Pods-MiniGolf/Pods-MiniGolf-resources.sh\"\n";
			showEnvVarsInLog = 0;
		};
		9D4A4EAE43D95F84E1B6EDA8 /* Check Pods Manifest.lock */ = {
			isa = PBXShellScriptBuildPhase;
			buildActionMask = 2147483647;
			files = (
			);
			inputPaths = (
			);
			name = "Check Pods Manifest.lock";
			outputPaths = (
			);
			runOnlyForDeploymentPostprocessing = 0;
			shellPath = /bin/sh;
			shellScript = "diff \"${PODS_ROOT}/../Podfile.lock\" \"${PODS_ROOT}/Manifest.lock\" > /dev/null\nif [[ $? != 0 ]] ; then\n    cat << EOM\nerror: The sandbox is not in sync with the Podfile.lock. Run 'pod install' or update your CocoaPods installation.\nEOM\n    exit 1\nfi\n";
			showEnvVarsInLog = 0;
		};
/* End PBXShellScriptBuildPhase section */

/* Begin PBXSourcesBuildPhase section */
		306564BA1A990EBD003DAA17 /* Sources */ = {
			isa = PBXSourcesBuildPhase;
			buildActionMask = 2147483647;
			files = (
				30FBEAB41AAB661E0028DB24 /* ChoosePlayerViewController.m in Sources */,
				30B198D71AA69F3F0092F3DF /* Course.m in Sources */,
				30B198DC1AA6A9B70092F3DF /* MiniGolf.xcdatamodeld in Sources */,
				306564C71A990EBD003DAA17 /* AppDelegate.m in Sources */,
				30B198D41AA69D490092F3DF /* CourseController.m in Sources */,
				306564F21A991755003DAA17 /* StatsViewController.m in Sources */,
				306564CD1A990EBD003DAA17 /* MainViewController.m in Sources */,
				306564EF1A991742003DAA17 /* AddCourseViewController.m in Sources */,
				30DCE2D21A9D61C7003C97D5 /* FacebookController.m in Sources */,
				3040D9381AA24F3C0005964F /* CourseCustomTableViewCell.m in Sources */,
				300E21041A9EB0E20099616A /* CreateGameTableViewDataSource.m in Sources */,
				306564EC1A99171E003DAA17 /* CreateGameViewController.m in Sources */,
				3040D9331AA245EC0005964F /* Stack.m in Sources */,
				306564C41A990EBD003DAA17 /* main.m in Sources */,
				30F3058F1AAFD9AF0030F455 /* holesTableViewDataSource.m in Sources */,
			);
			runOnlyForDeploymentPostprocessing = 0;
		};
		306564D61A990EBD003DAA17 /* Sources */ = {
			isa = PBXSourcesBuildPhase;
			buildActionMask = 2147483647;
			files = (
				306564E11A990EBD003DAA17 /* MiniGolfTests.m in Sources */,
			);
			runOnlyForDeploymentPostprocessing = 0;
		};
/* End PBXSourcesBuildPhase section */

/* Begin PBXTargetDependency section */
		306564DC1A990EBD003DAA17 /* PBXTargetDependency */ = {
			isa = PBXTargetDependency;
			target = 306564BD1A990EBD003DAA17 /* MiniGolf */;
			targetProxy = 306564DB1A990EBD003DAA17 /* PBXContainerItemProxy */;
		};
/* End PBXTargetDependency section */

/* Begin PBXVariantGroup section */
		306564CE1A990EBD003DAA17 /* Main.storyboard */ = {
			isa = PBXVariantGroup;
			children = (
				306564CF1A990EBD003DAA17 /* Base */,
			);
			name = Main.storyboard;
			sourceTree = "<group>";
		};
		306564D31A990EBD003DAA17 /* LaunchScreen.xib */ = {
			isa = PBXVariantGroup;
			children = (
				306564D41A990EBD003DAA17 /* Base */,
			);
			name = LaunchScreen.xib;
			sourceTree = "<group>";
		};
/* End PBXVariantGroup section */

/* Begin XCBuildConfiguration section */
		306564E21A990EBD003DAA17 /* Debug */ = {
			isa = XCBuildConfiguration;
			buildSettings = {
				ALWAYS_SEARCH_USER_PATHS = NO;
				CLANG_CXX_LANGUAGE_STANDARD = "gnu++0x";
				CLANG_CXX_LIBRARY = "libc++";
				CLANG_ENABLE_MODULES = YES;
				CLANG_ENABLE_OBJC_ARC = YES;
				CLANG_WARN_BOOL_CONVERSION = YES;
				CLANG_WARN_CONSTANT_CONVERSION = YES;
				CLANG_WARN_DIRECT_OBJC_ISA_USAGE = YES_ERROR;
				CLANG_WARN_EMPTY_BODY = YES;
				CLANG_WARN_ENUM_CONVERSION = YES;
				CLANG_WARN_INT_CONVERSION = YES;
				CLANG_WARN_OBJC_ROOT_CLASS = YES_ERROR;
				CLANG_WARN_UNREACHABLE_CODE = YES;
				CLANG_WARN__DUPLICATE_METHOD_MATCH = YES;
				"CODE_SIGN_IDENTITY[sdk=iphoneos*]" = "iPhone Developer";
				COPY_PHASE_STRIP = NO;
				ENABLE_STRICT_OBJC_MSGSEND = YES;
				GCC_C_LANGUAGE_STANDARD = gnu99;
				GCC_DYNAMIC_NO_PIC = NO;
				GCC_OPTIMIZATION_LEVEL = 0;
				GCC_PREPROCESSOR_DEFINITIONS = (
					"DEBUG=1",
					"$(inherited)",
				);
				GCC_SYMBOLS_PRIVATE_EXTERN = NO;
				GCC_WARN_64_TO_32_BIT_CONVERSION = YES;
				GCC_WARN_ABOUT_RETURN_TYPE = YES_ERROR;
				GCC_WARN_UNDECLARED_SELECTOR = YES;
				GCC_WARN_UNINITIALIZED_AUTOS = YES_AGGRESSIVE;
				GCC_WARN_UNUSED_FUNCTION = YES;
				GCC_WARN_UNUSED_VARIABLE = YES;
				IPHONEOS_DEPLOYMENT_TARGET = 8.1;
				MTL_ENABLE_DEBUG_INFO = YES;
				ONLY_ACTIVE_ARCH = YES;
				SDKROOT = iphoneos;
				TARGETED_DEVICE_FAMILY = "1,2";
			};
			name = Debug;
		};
		306564E31A990EBD003DAA17 /* Release */ = {
			isa = XCBuildConfiguration;
			buildSettings = {
				ALWAYS_SEARCH_USER_PATHS = NO;
				CLANG_CXX_LANGUAGE_STANDARD = "gnu++0x";
				CLANG_CXX_LIBRARY = "libc++";
				CLANG_ENABLE_MODULES = YES;
				CLANG_ENABLE_OBJC_ARC = YES;
				CLANG_WARN_BOOL_CONVERSION = YES;
				CLANG_WARN_CONSTANT_CONVERSION = YES;
				CLANG_WARN_DIRECT_OBJC_ISA_USAGE = YES_ERROR;
				CLANG_WARN_EMPTY_BODY = YES;
				CLANG_WARN_ENUM_CONVERSION = YES;
				CLANG_WARN_INT_CONVERSION = YES;
				CLANG_WARN_OBJC_ROOT_CLASS = YES_ERROR;
				CLANG_WARN_UNREACHABLE_CODE = YES;
				CLANG_WARN__DUPLICATE_METHOD_MATCH = YES;
				"CODE_SIGN_IDENTITY[sdk=iphoneos*]" = "iPhone Developer";
				COPY_PHASE_STRIP = YES;
				ENABLE_NS_ASSERTIONS = NO;
				ENABLE_STRICT_OBJC_MSGSEND = YES;
				GCC_C_LANGUAGE_STANDARD = gnu99;
				GCC_WARN_64_TO_32_BIT_CONVERSION = YES;
				GCC_WARN_ABOUT_RETURN_TYPE = YES_ERROR;
				GCC_WARN_UNDECLARED_SELECTOR = YES;
				GCC_WARN_UNINITIALIZED_AUTOS = YES_AGGRESSIVE;
				GCC_WARN_UNUSED_FUNCTION = YES;
				GCC_WARN_UNUSED_VARIABLE = YES;
				IPHONEOS_DEPLOYMENT_TARGET = 8.1;
				MTL_ENABLE_DEBUG_INFO = NO;
				SDKROOT = iphoneos;
				TARGETED_DEVICE_FAMILY = "1,2";
				VALIDATE_PRODUCT = YES;
			};
			name = Release;
		};
		306564E51A990EBD003DAA17 /* Debug */ = {
			isa = XCBuildConfiguration;
			baseConfigurationReference = 377F9F9EA60CA5E50A5069A1 /* Pods-MiniGolf.debug.xcconfig */;
			buildSettings = {
				ASSETCATALOG_COMPILER_APPICON_NAME = AppIcon;
				FRAMEWORK_SEARCH_PATHS = (
					"$(inherited)",
					/Users/Danny/Documents/FacebookSDK,
					"$(PROJECT_DIR)",
					"/Users/Danny/Downloads/parse-library-1-3",
					"/Users/Danny/Downloads/parse-library-1",
				);
				INFOPLIST_FILE = MiniGolf/Info.plist;
				LD_RUNPATH_SEARCH_PATHS = "$(inherited) @executable_path/Frameworks";
				PRODUCT_NAME = "$(TARGET_NAME)";
			};
			name = Debug;
		};
		306564E61A990EBD003DAA17 /* Release */ = {
			isa = XCBuildConfiguration;
			baseConfigurationReference = 994014B06B005A03636B1ED8 /* Pods-MiniGolf.release.xcconfig */;
			buildSettings = {
				ASSETCATALOG_COMPILER_APPICON_NAME = AppIcon;
				FRAMEWORK_SEARCH_PATHS = (
					"$(inherited)",
					/Users/Danny/Documents/FacebookSDK,
					"$(PROJECT_DIR)",
					"/Users/Danny/Downloads/parse-library-1-3",
					"/Users/Danny/Downloads/parse-library-1",
				);
				INFOPLIST_FILE = MiniGolf/Info.plist;
				LD_RUNPATH_SEARCH_PATHS = "$(inherited) @executable_path/Frameworks";
				PRODUCT_NAME = "$(TARGET_NAME)";
			};
			name = Release;
		};
		306564E81A990EBD003DAA17 /* Debug */ = {
			isa = XCBuildConfiguration;
			buildSettings = {
				BUNDLE_LOADER = "$(TEST_HOST)";
				FRAMEWORK_SEARCH_PATHS = (
					"$(SDKROOT)/Developer/Library/Frameworks",
					"$(inherited)",
				);
				GCC_PREPROCESSOR_DEFINITIONS = (
					"DEBUG=1",
					"$(inherited)",
				);
				INFOPLIST_FILE = MiniGolfTests/Info.plist;
				LD_RUNPATH_SEARCH_PATHS = "$(inherited) @executable_path/Frameworks @loader_path/Frameworks";
				PRODUCT_NAME = "$(TARGET_NAME)";
				TEST_HOST = "$(BUILT_PRODUCTS_DIR)/MiniGolf.app/MiniGolf";
			};
			name = Debug;
		};
		306564E91A990EBD003DAA17 /* Release */ = {
			isa = XCBuildConfiguration;
			buildSettings = {
				BUNDLE_LOADER = "$(TEST_HOST)";
				FRAMEWORK_SEARCH_PATHS = (
					"$(SDKROOT)/Developer/Library/Frameworks",
					"$(inherited)",
				);
				INFOPLIST_FILE = MiniGolfTests/Info.plist;
				LD_RUNPATH_SEARCH_PATHS = "$(inherited) @executable_path/Frameworks @loader_path/Frameworks";
				PRODUCT_NAME = "$(TARGET_NAME)";
				TEST_HOST = "$(BUILT_PRODUCTS_DIR)/MiniGolf.app/MiniGolf";
			};
			name = Release;
		};
/* End XCBuildConfiguration section */

/* Begin XCConfigurationList section */
		306564B91A990EBD003DAA17 /* Build configuration list for PBXProject "MiniGolf" */ = {
			isa = XCConfigurationList;
			buildConfigurations = (
				306564E21A990EBD003DAA17 /* Debug */,
				306564E31A990EBD003DAA17 /* Release */,
			);
			defaultConfigurationIsVisible = 0;
			defaultConfigurationName = Release;
		};
		306564E41A990EBD003DAA17 /* Build configuration list for PBXNativeTarget "MiniGolf" */ = {
			isa = XCConfigurationList;
			buildConfigurations = (
				306564E51A990EBD003DAA17 /* Debug */,
				306564E61A990EBD003DAA17 /* Release */,
			);
			defaultConfigurationIsVisible = 0;
			defaultConfigurationName = Release;
		};
		306564E71A990EBD003DAA17 /* Build configuration list for PBXNativeTarget "MiniGolfTests" */ = {
			isa = XCConfigurationList;
			buildConfigurations = (
				306564E81A990EBD003DAA17 /* Debug */,
				306564E91A990EBD003DAA17 /* Release */,
			);
			defaultConfigurationIsVisible = 0;
			defaultConfigurationName = Release;
		};
/* End XCConfigurationList section */

/* Begin XCVersionGroup section */
		30B198DA1AA6A9B70092F3DF /* MiniGolf.xcdatamodeld */ = {
			isa = XCVersionGroup;
			children = (
				30B198DB1AA6A9B70092F3DF /* MiniGolf.xcdatamodel */,
			);
			currentVersion = 30B198DB1AA6A9B70092F3DF /* MiniGolf.xcdatamodel */;
			path = MiniGolf.xcdatamodeld;
			sourceTree = "<group>";
			versionGroupType = wrapper.xcdatamodel;
		};
/* End XCVersionGroup section */
	};
	rootObject = 306564B61A990EBD003DAA17 /* Project object */;
}
